// !$*UTF8*$!
{
	archiveVersion = 1;
	classes = {
	};
	objectVersion = 46;
	objects = {

/* Begin PBXBuildFile section */
		AE1EA5431AA61FB000FBCF2F /* main.m in Sources */ = {isa = PBXBuildFile; fileRef = AE1EA5421AA61FB000FBCF2F /* main.m */; };
		AE1EA5461AA61FB000FBCF2F /* AppDelegate.m in Sources */ = {isa = PBXBuildFile; fileRef = AE1EA5451AA61FB000FBCF2F /* AppDelegate.m */; };
		AE1EA5491AA61FB000FBCF2F /* ViewController.m in Sources */ = {isa = PBXBuildFile; fileRef = AE1EA5481AA61FB000FBCF2F /* ViewController.m */; };
		AE1EA54C1AA61FB000FBCF2F /* Main.storyboard in Resources */ = {isa = PBXBuildFile; fileRef = AE1EA54A1AA61FB000FBCF2F /* Main.storyboard */; };
		AE1EA54E1AA61FB000FBCF2F /* Images.xcassets in Resources */ = {isa = PBXBuildFile; fileRef = AE1EA54D1AA61FB000FBCF2F /* Images.xcassets */; };
		AE1EA5511AA61FB000FBCF2F /* LaunchScreen.xib in Resources */ = {isa = PBXBuildFile; fileRef = AE1EA54F1AA61FB000FBCF2F /* LaunchScreen.xib */; };
		AE1EA55D1AA61FB000FBCF2F /* iOSgithubTests.m in Sources */ = {isa = PBXBuildFile; fileRef = AE1EA55C1AA61FB000FBCF2F /* iOSgithubTests.m */; };
/* End PBXBuildFile section */

/* Begin PBXContainerItemProxy section */
		AE1EA5571AA61FB000FBCF2F /* PBXContainerItemProxy */ = {
			isa = PBXContainerItemProxy;
			containerPortal = AE1EA5351AA61FAF00FBCF2F /* Project object */;
			proxyType = 1;
			remoteGlobalIDString = AE1EA53C1AA61FB000FBCF2F;
			remoteInfo = iOSgithub;
		};
/* End PBXContainerItemProxy section */

/* Begin PBXFileReference section */
		AE1EA53D1AA61FB000FBCF2F /* iOSgithub.app */ = {isa = PBXFileReference; explicitFileType = wrapper.application; includeInIndex = 0; path = iOSgithub.app; sourceTree = BUILT_PRODUCTS_DIR; };
		AE1EA5411AA61FB000FBCF2F /* Info.plist */ = {isa = PBXFileReference; lastKnownFileType = text.plist.xml; path = Info.plist; sourceTree = "<group>"; };
		AE1EA5421AA61FB000FBCF2F /* main.m */ = {isa = PBXFileReference; lastKnownFileType = sourcecode.c.objc; path = main.m; sourceTree = "<group>"; };
		AE1EA5441AA61FB000FBCF2F /* AppDelegate.h */ = {isa = PBXFileReference; lastKnownFileType = sourcecode.c.h; path = AppDelegate.h; sourceTree = "<group>"; };
		AE1EA5451AA61FB000FBCF2F /* AppDelegate.m */ = {isa = PBXFileReference; lastKnownFileType = sourcecode.c.objc; path = AppDelegate.m; sourceTree = "<group>"; };
		AE1EA5471AA61FB000FBCF2F /* ViewController.h */ = {isa = PBXFileReference; lastKnownFileType = sourcecode.c.h; path = ViewController.h; sourceTree = "<group>"; };
		AE1EA5481AA61FB000FBCF2F /* ViewController.m */ = {isa = PBXFileReference; lastKnownFileType = sourcecode.c.objc; path = ViewController.m; sourceTree = "<group>"; };
		AE1EA54B1AA61FB000FBCF2F /* Base */ = {isa = PBXFileReference; lastKnownFileType = file.storyboard; name = Base; path = Base.lproj/Main.storyboard; sourceTree = "<group>"; };
		AE1EA54D1AA61FB000FBCF2F /* Images.xcassets */ = {isa = PBXFileReference; lastKnownFileType = folder.assetcatalog; path = Images.xcassets; sourceTree = "<group>"; };
		AE1EA5501AA61FB000FBCF2F /* Base */ = {isa = PBXFileReference; lastKnownFileType = file.xib; name = Base; path = Base.lproj/LaunchScreen.xib; sourceTree = "<group>"; };
		AE1EA5561AA61FB000FBCF2F /* iOSgithubTests.xctest */ = {isa = PBXFileReference; explicitFileType = wrapper.cfbundle; includeInIndex = 0; path = iOSgithubTests.xctest; sourceTree = BUILT_PRODUCTS_DIR; };
		AE1EA55B1AA61FB000FBCF2F /* Info.plist */ = {isa = PBXFileReference; lastKnownFileType = text.plist.xml; path = Info.plist; sourceTree = "<group>"; };
		AE1EA55C1AA61FB000FBCF2F /* iOSgithubTests.m */ = {isa = PBXFileReference; lastKnownFileType = sourcecode.c.objc; path = iOSgithubTests.m; sourceTree = "<group>"; };
/* End PBXFileReference section */

/* Begin PBXFrameworksBuildPhase section */
		AE1EA53A1AA61FB000FBCF2F /* Frameworks */ = {
			isa = PBXFrameworksBuildPhase;
			buildActionMask = 2147483647;
			files = (
			);
			runOnlyForDeploymentPostprocessing = 0;
		};
		AE1EA5531AA61FB000FBCF2F /* Frameworks */ = {
			isa = PBXFrameworksBuildPhase;
			buildActionMask = 2147483647;
			files = (
			);
			runOnlyForDeploymentPostprocessing = 0;
		};
/* End PBXFrameworksBuildPhase section */

/* Begin PBXGroup section */
		AE1EA5341AA61FAF00FBCF2F = {
			isa = PBXGroup;
			children = (
				AE1EA53F1AA61FB000FBCF2F /* iOSgithub */,
				AE1EA5591AA61FB000FBCF2F /* iOSgithubTests */,
				AE1EA53E1AA61FB000FBCF2F /* Products */,
			);
			sourceTree = "<group>";
		};
		AE1EA53E1AA61FB000FBCF2F /* Products */ = {
			isa = PBXGroup;
			children = (
				AE1EA53D1AA61FB000FBCF2F /* iOSgithub.app */,
				AE1EA5561AA61FB000FBCF2F /* iOSgithubTests.xctest */,
			);
			name = Products;
			sourceTree = "<group>";
		};
		AE1EA53F1AA61FB000FBCF2F /* iOSgithub */ = {
			isa = PBXGroup;
			children = (
				AE1EA5441AA61FB000FBCF2F /* AppDelegate.h */,
				AE1EA5451AA61FB000FBCF2F /* AppDelegate.m */,
				AE1EA5471AA61FB000FBCF2F /* ViewController.h */,
				AE1EA5481AA61FB000FBCF2F /* ViewController.m */,
				AE1EA54A1AA61FB000FBCF2F /* Main.storyboard */,
				AE1EA54D1AA61FB000FBCF2F /* Images.xcassets */,
				AE1EA54F1AA61FB000FBCF2F /* LaunchScreen.xib */,
				AE1EA5401AA61FB000FBCF2F /* Supporting Files */,
			);
			path = iOSgithub;
			sourceTree = "<group>";
		};
		AE1EA5401AA61FB000FBCF2F /* Supporting Files */ = {
			isa = PBXGroup;
			children = (
				AE1EA5411AA61FB000FBCF2F /* Info.plist */,
				AE1EA5421AA61FB000FBCF2F /* main.m */,
			);
			name = "Supporting Files";
			sourceTree = "<group>";
		};
		AE1EA5591AA61FB000FBCF2F /* iOSgithubTests */ = {
			isa = PBXGroup;
			children = (
				AE1EA55C1AA61FB000FBCF2F /* iOSgithubTests.m */,
				AE1EA55A1AA61FB000FBCF2F /* Supporting Files */,
			);
			path = iOSgithubTests;
			sourceTree = "<group>";
		};
		AE1EA55A1AA61FB000FBCF2F /* Supporting Files */ = {
			isa = PBXGroup;
			children = (
				AE1EA55B1AA61FB000FBCF2F /* Info.plist */,
			);
			name = "Supporting Files";
			sourceTree = "<group>";
		};
/* End PBXGroup section */

/* Begin PBXNativeTarget section */
		AE1EA53C1AA61FB000FBCF2F /* iOSgithub */ = {
			isa = PBXNativeTarget;
			buildConfigurationList = AE1EA5601AA61FB000FBCF2F /* Build configuration list for PBXNativeTarget "iOSgithub" */;
			buildPhases = (
				AE1EA5391AA61FB000FBCF2F /* Sources */,
				AE1EA53A1AA61FB000FBCF2F /* Frameworks */,
				AE1EA53B1AA61FB000FBCF2F /* Resources */,
			);
			buildRules = (
			);
			dependencies = (
			);
			name = iOSgithub;
			productName = iOSgithub;
			productReference = AE1EA53D1AA61FB000FBCF2F /* iOSgithub.app */;
			productType = "com.apple.product-type.application";
		};
		AE1EA5551AA61FB000FBCF2F /* iOSgithubTests */ = {
			isa = PBXNativeTarget;
			buildConfigurationList = AE1EA5631AA61FB000FBCF2F /* Build configuration list for PBXNativeTarget "iOSgithubTests" */;
			buildPhases = (
				AE1EA5521AA61FB000FBCF2F /* Sources */,
				AE1EA5531AA61FB000FBCF2F /* Frameworks */,
				AE1EA5541AA61FB000FBCF2F /* Resources */,
			);
			buildRules = (
			);
			dependencies = (
				AE1EA5581AA61FB000FBCF2F /* PBXTargetDependency */,
			);
			name = iOSgithubTests;
			productName = iOSgithubTests;
			productReference = AE1EA5561AA61FB000FBCF2F /* iOSgithubTests.xctest */;
			productType = "com.apple.product-type.bundle.unit-test";
		};
/* End PBXNativeTarget section */

/* Begin PBXProject section */
		AE1EA5351AA61FAF00FBCF2F /* Project object */ = {
			isa = PBXProject;
			attributes = {
				LastUpgradeCheck = 0610;
				ORGANIZATIONNAME = yangjie;
				TargetAttributes = {
					AE1EA53C1AA61FB000FBCF2F = {
						CreatedOnToolsVersion = 6.1.1;
					};
					AE1EA5551AA61FB000FBCF2F = {
						CreatedOnToolsVersion = 6.1.1;
						TestTargetID = AE1EA53C1AA61FB000FBCF2F;
					};
				};
			};
			buildConfigurationList = AE1EA5381AA61FAF00FBCF2F /* Build configuration list for PBXProject "iOSgithub" */;
			compatibilityVersion = "Xcode 3.2";
			developmentRegion = English;
			hasScannedForEncodings = 0;
			knownRegions = (
				en,
				Base,
			);
			mainGroup = AE1EA5341AA61FAF00FBCF2F;
			productRefGroup = AE1EA53E1AA61FB000FBCF2F /* Products */;
			projectDirPath = "";
			projectRoot = "";
			targets = (
				AE1EA53C1AA61FB000FBCF2F /* iOSgithub */,
				AE1EA5551AA61FB000FBCF2F /* iOSgithubTests */,
			);
		};
/* End PBXProject section */

/* Begin PBXResourcesBuildPhase section */
		AE1EA53B1AA61FB000FBCF2F /* Resources */ = {
			isa = PBXResourcesBuildPhase;
			buildActionMask = 2147483647;
			files = (
				AE1EA54C1AA61FB000FBCF2F /* Main.storyboard in Resources */,
				AE1EA5511AA61FB000FBCF2F /* LaunchScreen.xib in Resources */,
				AE1EA54E1AA61FB000FBCF2F /* Images.xcassets in Resources */,
			);
			runOnlyForDeploymentPostprocessing = 0;
		};
		AE1EA5541AA61FB000FBCF2F /* Resources */ = {
			isa = PBXResourcesBuildPhase;
			buildActionMask = 2147483647;
			files = (
			);
			runOnlyForDeploymentPostprocessing = 0;
		};
/* End PBXResourcesBuildPhase section */

/* Begin PBXSourcesBuildPhase section */
		AE1EA5391AA61FB000FBCF2F /* Sources */ = {
			isa = PBXSourcesBuildPhase;
			buildActionMask = 2147483647;
			files = (
				AE1EA5491AA61FB000FBCF2F /* ViewController.m in Sources */,
				AE1EA5461AA61FB000FBCF2F /* AppDelegate.m in Sources */,
				AE1EA5431AA61FB000FBCF2F /* main.m in Sources */,
			);
			runOnlyForDeploymentPostprocessing = 0;
		};
		AE1EA5521AA61FB000FBCF2F /* Sources */ = {
			isa = PBXSourcesBuildPhase;
			buildActionMask = 2147483647;
			files = (
				AE1EA55D1AA61FB000FBCF2F /* iOSgithubTests.m in Sources */,
			);
			runOnlyForDeploymentPostprocessing = 0;
		};
/* End PBXSourcesBuildPhase section */

/* Begin PBXTargetDependency section */
		AE1EA5581AA61FB000FBCF2F /* PBXTargetDependency */ = {
			isa = PBXTargetDependency;
			target = AE1EA53C1AA61FB000FBCF2F /* iOSgithub */;
			targetProxy = AE1EA5571AA61FB000FBCF2F /* PBXContainerItemProxy */;
		};
/* End PBXTargetDependency section */

/* Begin PBXVariantGroup section */
		AE1EA54A1AA61FB000FBCF2F /* Main.storyboard */ = {
			isa = PBXVariantGroup;
			children = (
				AE1EA54B1AA61FB000FBCF2F /* Base */,
			);
			name = Main.storyboard;
			sourceTree = "<group>";
		};
		AE1EA54F1AA61FB000FBCF2F /* LaunchScreen.xib */ = {
			isa = PBXVariantGroup;
			children = (
				AE1EA5501AA61FB000FBCF2F /* Base */,
			);
			name = LaunchScreen.xib;
			sourceTree = "<group>";
		};
/* End PBXVariantGroup section */

/* Begin XCBuildConfiguration section */
		AE1EA55E1AA61FB000FBCF2F /* Debug */ = {
			isa = XCBuildConfiguration;
			buildSettings = {
				ALWAYS_SEARCH_USER_PATHS = NO;
				CLANG_CXX_LANGUAGE_STANDARD = "gnu++0x";
				CLANG_CXX_LIBRARY = "libc++";
				CLANG_ENABLE_MODULES = YES;
				CLANG_ENABLE_OBJC_ARC = YES;
				CLANG_WARN_BOOL_CONVERSION = YES;
				CLANG_WARN_CONSTANT_CONVERSION = YES;
				CLANG_WARN_DIRECT_OBJC_ISA_USAGE = YES_ERROR;
				CLANG_WARN_EMPTY_BODY = YES;
				CLANG_WARN_ENUM_CONVERSION = YES;
				CLANG_WARN_INT_CONVERSION = YES;
				CLANG_WARN_OBJC_ROOT_CLASS = YES_ERROR;
				CLANG_WARN_UNREACHABLE_CODE = YES;
				CLANG_WARN__DUPLICATE_METHOD_MATCH = YES;
				"CODE_SIGN_IDENTITY[sdk=iphoneos*]" = "iPhone Developer";
				COPY_PHASE_STRIP = NO;
				ENABLE_STRICT_OBJC_MSGSEND = YES;
				GCC_C_LANGUAGE_STANDARD = gnu99;
				GCC_DYNAMIC_NO_PIC = NO;
				GCC_OPTIMIZATION_LEVEL = 0;
				GCC_PREPROCESSOR_DEFINITIONS = (
					"DEBUG=1",
					"$(inherited)",
				);
				GCC_SYMBOLS_PRIVATE_EXTERN = NO;
				GCC_WARN_64_TO_32_BIT_CONVERSION = YES;
				GCC_WARN_ABOUT_RETURN_TYPE = YES_ERROR;
				GCC_WARN_UNDECLARED_SELECTOR = YES;
				GCC_WARN_UNINITIALIZED_AUTOS = YES_AGGRESSIVE;
				GCC_WARN_UNUSED_FUNCTION = YES;
				GCC_WARN_UNUSED_VARIABLE = YES;
				IPHONEOS_DEPLOYMENT_TARGET = 8.1;
				MTL_ENABLE_DEBUG_INFO = YES;
				ONLY_ACTIVE_ARCH = YES;
				SDKROOT = iphoneos;
				TARGETED_DEVICE_FAMILY = "1,2";
			};
			name = Debug;
		};
		AE1EA55F1AA61FB000FBCF2F /* Release */ = {
			isa = XCBuildConfiguration;
			buildSettings = {
				ALWAYS_SEARCH_USER_PATHS = NO;
				CLANG_CXX_LANGUAGE_STANDARD = "gnu++0x";
				CLANG_CXX_LIBRARY = "libc++";
				CLANG_ENABLE_MODULES = YES;
				CLANG_ENABLE_OBJC_ARC = YES;
				CLANG_WARN_BOOL_CONVERSION = YES;
				CLANG_WARN_CONSTANT_CONVERSION = YES;
				CLANG_WARN_DIRECT_OBJC_ISA_USAGE = YES_ERROR;
				CLANG_WARN_EMPTY_BODY = YES;
				CLANG_WARN_ENUM_CONVERSION = YES;
				CLANG_WARN_INT_CONVERSION = YES;
				CLANG_WARN_OBJC_ROOT_CLASS = YES_ERROR;
				CLANG_WARN_UNREACHABLE_CODE = YES;
				CLANG_WARN__DUPLICATE_METHOD_MATCH = YES;
				"CODE_SIGN_IDENTITY[sdk=iphoneos*]" = "iPhone Developer";
				COPY_PHASE_STRIP = YES;
				ENABLE_NS_ASSERTIONS = NO;
				ENABLE_STRICT_OBJC_MSGSEND = YES;
				GCC_C_LANGUAGE_STANDARD = gnu99;
				GCC_WARN_64_TO_32_BIT_CONVERSION = YES;
				GCC_WARN_ABOUT_RETURN_TYPE = YES_ERROR;
				GCC_WARN_UNDECLARED_SELECTOR = YES;
				GCC_WARN_UNINITIALIZED_AUTOS = YES_AGGRESSIVE;
				GCC_WARN_UNUSED_FUNCTION = YES;
				GCC_WARN_UNUSED_VARIABLE = YES;
				IPHONEOS_DEPLOYMENT_TARGET = 8.1;
				MTL_ENABLE_DEBUG_INFO = NO;
				SDKROOT = iphoneos;
				TARGETED_DEVICE_FAMILY = "1,2";
				VALIDATE_PRODUCT = YES;
			};
			name = Release;
		};
		AE1EA5611AA61FB000FBCF2F /* Debug */ = {
			isa = XCBuildConfiguration;
			buildSettings = {
				ASSETCATALOG_COMPILER_APPICON_NAME = AppIcon;
				INFOPLIST_FILE = iOSgithub/Info.plist;
				LD_RUNPATH_SEARCH_PATHS = "$(inherited) @executable_path/Frameworks";
				PRODUCT_NAME = "$(TARGET_NAME)";
			};
			name = Debug;
		};
		AE1EA5621AA61FB000FBCF2F /* Release */ = {
			isa = XCBuildConfiguration;
			buildSettings = {
				ASSETCATALOG_COMPILER_APPICON_NAME = AppIcon;
				INFOPLIST_FILE = iOSgithub/Info.plist;
				LD_RUNPATH_SEARCH_PATHS = "$(inherited) @executable_path/Frameworks";
				PRODUCT_NAME = "$(TARGET_NAME)";
			};
			name = Release;
		};
		AE1EA5641AA61FB000FBCF2F /* Debug */ = {
			isa = XCBuildConfiguration;
			buildSettings = {
				BUNDLE_LOADER = "$(TEST_HOST)";
				FRAMEWORK_SEARCH_PATHS = (
					"$(SDKROOT)/Developer/Library/Frameworks",
					"$(inherited)",
				);
				GCC_PREPROCESSOR_DEFINITIONS = (
					"DEBUG=1",
					"$(inherited)",
				);
				INFOPLIST_FILE = iOSgithubTests/Info.plist;
				LD_RUNPATH_SEARCH_PATHS = "$(inherited) @executable_path/Frameworks @loader_path/Frameworks";
				PRODUCT_NAME = "$(TARGET_NAME)";
				TEST_HOST = "$(BUILT_PRODUCTS_DIR)/iOSgithub.app/iOSgithub";
			};
			name = Debug;
		};
		AE1EA5651AA61FB000FBCF2F /* Release */ = {
			isa = XCBuildConfiguration;
			buildSettings = {
				BUNDLE_LOADER = "$(TEST_HOST)";
				FRAMEWORK_SEARCH_PATHS = (
					"$(SDKROOT)/Developer/Library/Frameworks",
					"$(inherited)",
				);
				INFOPLIST_FILE = iOSgithubTests/Info.plist;
				LD_RUNPATH_SEARCH_PATHS = "$(inherited) @executable_path/Frameworks @loader_path/Frameworks";
				PRODUCT_NAME = "$(TARGET_NAME)";
				TEST_HOST = "$(BUILT_PRODUCTS_DIR)/iOSgithub.app/iOSgithub";
			};
			name = Release;
		};
/* End XCBuildConfiguration section */

/* Begin XCConfigurationList section */
		AE1EA5381AA61FAF00FBCF2F /* Build configuration list for PBXProject "iOSgithub" */ = {
			isa = XCConfigurationList;
			buildConfigurations = (
				AE1EA55E1AA61FB000FBCF2F /* Debug */,
				AE1EA55F1AA61FB000FBCF2F /* Release */,
			);
			defaultConfigurationIsVisible = 0;
			defaultConfigurationName = Release;
		};
		AE1EA5601AA61FB000FBCF2F /* Build configuration list for PBXNativeTarget "iOSgithub" */ = {
			isa = XCConfigurationList;
			buildConfigurations = (
				AE1EA5611AA61FB000FBCF2F /* Debug */,
				AE1EA5621AA61FB000FBCF2F /* Release */,
			);
			defaultConfigurationIsVisible = 0;
		};
		AE1EA5631AA61FB000FBCF2F /* Build configuration list for PBXNativeTarget "iOSgithubTests" */ = {
			isa = XCConfigurationList;
			buildConfigurations = (
				AE1EA5641AA61FB000FBCF2F /* Debug */,
				AE1EA5651AA61FB000FBCF2F /* Release */,
			);
			defaultConfigurationIsVisible = 0;
		};
/* End XCConfigurationList section */
	};
	rootObject = AE1EA5351AA61FAF00FBCF2F /* Project object */;
}
